
Microsoft Visual Studio Solution File, Format Version 12.00
# Visual Studio Version 17
VisualStudioVersion = 17.14.37216.2 d17.14
MinimumVisualStudioVersion = 10.0.40219.1
Project("{FAE04EC0-301F-11D3-BF4B-00C04F79EFBC}") = "FluentValidation-Demo", "FluentValidation-Demo\FluentValidation-Demo.csproj", "{918F24E3-CAF9-471B-9B93-32CB20BBC945}"
EndProject
Global
	GlobalSection(SolutionConfigurationPlatforms) = preSolution
		Debug|Any CPU = Debug|Any CPU
		Release|Any CPU = Release|Any CPU
	EndGlobalSection
	GlobalSection(ProjectConfigurationPlatforms) = postSolution
		{918F24E3-CAF9-471B-9B93-32CB20BBC945}.Debug|Any CPU.ActiveCfg = Debug|Any CPU
		{918F24E3-CAF9-471B-9B93-32CB20BBC945}.Debug|Any CPU.Build.0 = Debug|Any CPU
		{918F24E3-CAF9-471B-9B93-32CB20BBC945}.Release|Any CPU.ActiveCfg = Release|Any CPU
		{918F24E3-CAF9-471B-9B93-32CB20BBC945}.Release|Any CPU.Build.0 = Release|Any CPU
	EndGlobalSection
	GlobalSection(SolutionProperties) = preSolution
		HideSolutionNode = FALSE
	EndGlobalSection
	GlobalSection(ExtensibilityGlobals) = postSolution
		SolutionGuid = {9459F00B-9442-47C3-BBB3-B7F9E1B223BF}
	EndGlobalSection
EndGlobal
